
Microsoft Visual Studio Solution File, Format Version 12.00
# Visual Studio Version 17
VisualStudioVersion = 17.9.34728.123
MinimumVisualStudioVersion = 10.0.40219.1
Project("{FAE04EC0-301F-11D3-BF4B-00C04F79EFBC}") = "DotNet8Authentication", "DotNet8Authentication.csproj", "{2E231F47-E44A-4299-B4B3-24A38F777ABC}"
EndProject
Global
	GlobalSection(SolutionConfigurationPlatforms) = preSolution
		Debug|Any CPU = Debug|Any CPU
		Release|Any CPU = Release|Any CPU
	EndGlobalSection
	GlobalSection(ProjectConfigurationPlatforms) = postSolution
		{2E231F47-E44A-4299-B4B3-24A38F777ABC}.Debug|Any CPU.ActiveCfg = Debug|Any CPU
		{2E231F47-E44A-4299-B4B3-24A38F777ABC}.Debug|Any CPU.Build.0 = Debug|Any CPU
		{2E231F47-E44A-4299-B4B3-24A38F777ABC}.Release|Any CPU.ActiveCfg = Release|Any CPU
		{2E231F47-E44A-4299-B4B3-24A38F777ABC}.Release|Any CPU.Build.0 = Release|Any CPU
	EndGlobalSection
	GlobalSection(SolutionProperties) = preSolution
		HideSolutionNode = FALSE
	EndGlobalSection
	GlobalSection(ExtensibilityGlobals) = postSolution
		SolutionGuid = {1E09EFF2-D10D-4397-9499-54F66C5C746A}
	EndGlobalSection
EndGlobal
