
Microsoft Visual Studio Solution File, Format Version 12.00
# Visual Studio Version 17
VisualStudioVersion = 17.9.34902.65
MinimumVisualStudioVersion = 10.0.40219.1
Project("{FAE04EC0-301F-11D3-BF4B-00C04F79EFBC}") = "SimplestUnitTest", "SimplestUnitTest.csproj", "{78C27500-BD98-43E5-8CA7-EDE03394CFDB}"
EndProject
Project("{9A19103F-16F7-4668-BE54-9A1E7A4F7556}") = "NetworkUtility", "..\..\NetworkUtility\NetworkUtility.csproj", "{F3516A68-1B1F-4F6F-9C69-6099605363A4}"
EndProject
Project("{9A19103F-16F7-4668-BE54-9A1E7A4F7556}") = "NetworkUtility.Tests", "..\..\NetworkUtility.Tests\NetworkUtility.Tests.csproj", "{1E53FB52-7AD7-4366-8CF2-6A22641356A7}"
EndProject
Global
	GlobalSection(SolutionConfigurationPlatforms) = preSolution
		Debug|Any CPU = Debug|Any CPU
		Release|Any CPU = Release|Any CPU
	EndGlobalSection
	GlobalSection(ProjectConfigurationPlatforms) = postSolution
		{78C27500-BD98-43E5-8CA7-EDE03394CFDB}.Debug|Any CPU.ActiveCfg = Debug|Any CPU
		{78C27500-BD98-43E5-8CA7-EDE03394CFDB}.Debug|Any CPU.Build.0 = Debug|Any CPU
		{78C27500-BD98-43E5-8CA7-EDE03394CFDB}.Release|Any CPU.ActiveCfg = Release|Any CPU
		{78C27500-BD98-43E5-8CA7-EDE03394CFDB}.Release|Any CPU.Build.0 = Release|Any CPU
		{F3516A68-1B1F-4F6F-9C69-6099605363A4}.Debug|Any CPU.ActiveCfg = Debug|Any CPU
		{F3516A68-1B1F-4F6F-9C69-6099605363A4}.Debug|Any CPU.Build.0 = Debug|Any CPU
		{F3516A68-1B1F-4F6F-9C69-6099605363A4}.Release|Any CPU.ActiveCfg = Release|Any CPU
		{F3516A68-1B1F-4F6F-9C69-6099605363A4}.Release|Any CPU.Build.0 = Release|Any CPU
		{1E53FB52-7AD7-4366-8CF2-6A22641356A7}.Debug|Any CPU.ActiveCfg = Debug|Any CPU
		{1E53FB52-7AD7-4366-8CF2-6A22641356A7}.Debug|Any CPU.Build.0 = Debug|Any CPU
		{1E53FB52-7AD7-4366-8CF2-6A22641356A7}.Release|Any CPU.ActiveCfg = Release|Any CPU
		{1E53FB52-7AD7-4366-8CF2-6A22641356A7}.Release|Any CPU.Build.0 = Release|Any CPU
	EndGlobalSection
	GlobalSection(SolutionProperties) = preSolution
		HideSolutionNode = FALSE
	EndGlobalSection
	GlobalSection(ExtensibilityGlobals) = postSolution
		SolutionGuid = {C60144A7-7A82-4B90-BC89-E32B0321ABC8}
	EndGlobalSection
EndGlobal
